{
  "version": 1,
  "dependencies": {
    "net10.0-windows7.0": {
      "coverlet.collector": {
        "type": "Direct",
        "requested": "[6.0.4, )",
        "resolved": "6.0.4",
        "contentHash": "lkhqpF8Pu2Y7IiN7OntbsTtdbpR1syMsm2F3IgX6ootA4ffRqWL5jF7XipHuZQTdVuWG/gVAAcf8mjk8Tz0xPg=="
      },
      "FluentAssertions": {
        "type": "Direct",
        "requested": "[6.12.2, )",
        "resolved": "6.12.2",
        "contentHash": "8YE+xJmT8wgzEpFuzJ4S62oFhEL/AKouMz1RWPEMEUhy9H11aRQlGIWcHurH5BEy7tbF6gb0CJrs0wOw/AtDcQ=="
      },
      "Microsoft.NET.Test.Sdk": {
        "type": "Direct",
        "requested": "[17.14.1, )",
        "resolved": "17.14.1",
        "contentHash": "HJKqKOE+vshXra2aEHpi2TlxYX7Z9VFYkr+E5rwEvHC8eIXiyO+K9kNm8vmNom3e2rA56WqxU+/N9NJlLGXsJQ==",
        "dependencies": {
          "Microsoft.CodeCoverage": "17.14.1",
          "Microsoft.TestPlatform.TestHost": "17.14.1"
        }
      },
      "xunit": {
        "type": "Direct",
        "requested": "[2.9.3, )",
        "resolved": "2.9.3",
        "contentHash": "TlXQBinK35LpOPKHAqbLY4xlEen9TBafjs0V5KnA4wZsoQLQJiirCR4CbIXvOH8NzkW4YeJKP5P/Bnrodm0h9Q==",
        "dependencies": {
          "xunit.analyzers": "1.18.0",
          "xunit.assert": "2.9.3",
          "xunit.core": "[2.9.3]"
        }
      },
      "xunit.runner.visualstudio": {
        "type": "Direct",
        "requested": "[3.1.4, )",
        "resolved": "3.1.4",
        "contentHash": "5mj99LvCqrq3CNi06xYdyIAXOEh+5b33F2nErCzI5zWiDdLHXiPXEWFSUAF8zlIv0ZWqjZNCwHTQeAPYbF3pCg=="
      },
      "AvalonEdit": {
        "type": "Transitive",
        "resolved": "6.3.0.90",
        "contentHash": "WVTb5MxwGqKdeasd3nG5udlV4t6OpvkFanziwI133K0/QJ5FvZmfzRQgpAjGTJhQfIA8GP7AzKQ3sTY9JOFk8Q=="
      },
      "BouncyCastle.Cryptography": {
        "type": "Transitive",
        "resolved": "2.6.2",
        "contentHash": "7oWOcvnntmMKNzDLsdxAYqApt+AjpRpP2CShjMfIa3umZ42UQMvH0tl1qAliYPNYO6vTdcGMqnRrCPmsfzTI1w=="
      },
      "CommunityToolkit.Mvvm": {
        "type": "Transitive",
        "resolved": "8.4.0",
        "contentHash": "tqVU8yc/ADO9oiTRyTnwhFN68hCwvkliMierptWOudIAvWY1mWCh5VFh+guwHJmpMwfg0J0rY+yyd5Oy7ty9Uw=="
      },
      "Humanizer.Core": {
        "type": "Transitive",
        "resolved": "2.14.1",
        "contentHash": "lQKvtaTDOXnoVJ20ibTuSIOf2i0uO0MPbDhd1jm238I+U/2ZnRENj0cktKZhtchBMtCUSRQ5v4xBCUbKNmyVMw=="
      },
      "Json.More.Net": {
        "type": "Transitive",
        "resolved": "2.0.1.2",
        "contentHash": "uF3QeiaXEfH92emz0/BWUiNtMSfxIIvgynuB0Bf1vF4s8eWTcZitBx9l+g/FDaJk5XxqBv9buQXizXKQcXFG1w=="
      },
      "JsonPointer.Net": {
        "type": "Transitive",
        "resolved": "5.0.0",
        "contentHash": "fm4T5w20AY6C+p5/pJr0vrXRNGgtSfHl34I1LxC9zdPwS9S3j0GiR1Mz/CVPWKDXXGDpCt1APHpCq7kn5adCfA==",
        "dependencies": {
          "Humanizer.Core": "2.14.1",
          "Json.More.Net": "2.0.1.2"
        }
      },
      "JsonSchema.Net": {
        "type": "Transitive",
        "resolved": "7.0.4",
        "contentHash": "R0Hk2Tr/np4Q1NO8CBjyQsoiD1iFJyEQP20Sw7JnZCNGJoaSBe+g4b+nZqnBXPQhiqY5LGZ8JZwZkRh/eKZhEQ==",
        "dependencies": {
          "JsonPointer.Net": "5.0.0"
        }
      },
      "LibGit2Sharp": {
        "type": "Transitive",
        "resolved": "0.31.0",
        "contentHash": "b3+UfV7LjKMjAHWwl7VawejiOv2gJIC6dTCA/S0puLTHACAA/Oeb5JJmWUQMeyH/T/WR/LaIK8bk2RbdFnrZvg==",
        "dependencies": {
          "LibGit2Sharp.NativeBinaries": "[2.0.323]"
        }
      },
      "LibGit2Sharp.NativeBinaries": {
        "type": "Transitive",
        "resolved": "2.0.323",
        "contentHash": "Kg+fJGWhGj5qRXG0Ilj4ddhuodGXZg57yhfX6OVUDR0M2DKg/UR42/d74+qv5l1qotc1qJilo/ho7xQnULP6yA=="
      },
      "Microsoft.CodeCoverage": {
        "type": "Transitive",
        "resolved": "17.14.1",
        "contentHash": "pmTrhfFIoplzFVbhVwUquT+77CbGH+h4/3mBpdmIlYtBi9nAB+kKI6dN3A/nV4DFi3wLLx/BlHIPK+MkbQ6Tpg=="
      },
      "Microsoft.Data.Sqlite.Core": {
        "type": "Transitive",
        "resolved": "8.0.11",
        "contentHash": "PrDkI9SeU/MEP/IHriczeYmRVbzEcfp66UlZRjL5ikHIJGIYOrby55GoehLCJzJiTwJ+rGkjSRctZnWgfC95fg==",
        "dependencies": {
          "SQLitePCLRaw.core": "2.1.6"
        }
      },
      "Microsoft.EntityFrameworkCore": {
        "type": "Transitive",
        "resolved": "8.0.11",
        "contentHash": "stbjWBTtpQ1HtqXMFyKnXFTr76PvaOHI2b2h85JqBi3eZr00nspvR/a90Zwh8CQ4rVawqLiTG0+0yZQWaav+sQ==",
        "dependencies": {
          "Microsoft.EntityFrameworkCore.Abstractions": "8.0.11",
          "Microsoft.EntityFrameworkCore.Analyzers": "8.0.11",
          "Microsoft.Extensions.Caching.Memory": "8.0.1",
          "Microsoft.Extensions.Logging": "8.0.1"
        }
      },
      "Microsoft.EntityFrameworkCore.Abstractions": {
        "type": "Transitive",
        "resolved": "8.0.11",
        "contentHash": "++zY0Ea724ku1jptWJmF7jm3I4IXTexfT4qi1ETcSFFF7qj+qm6rRgN7mTuKkwIETuXk0ikfzudryRjUGrrNKQ=="
      },
      "Microsoft.EntityFrameworkCore.Analyzers": {
        "type": "Transitive",
        "resolved": "8.0.11",
        "contentHash": "NI/AJQjtC7qgWM8Nr85sRkwlog2AnFer5RKP8xTUH0RuPF3nN0tGXBEeYJOLZWp+/+M/C6O7MMDRhKRE8bZwIA=="
      },
      "Microsoft.EntityFrameworkCore.Relational": {
        "type": "Transitive",
        "resolved": "8.0.11",
        "contentHash": "3TuuW3i5I4Ro0yoaHmi2MqEDGObOVuhLaMEnd/heaLB1fcvm4fu4PevmC4BOWnI0vo176AIlV5o4rEQciLoohw==",
        "dependencies": {
          "Microsoft.EntityFrameworkCore": "8.0.11",
          "Microsoft.Extensions.Configuration.Abstractions": "8.0.0"
        }
      },
      "Microsoft.EntityFrameworkCore.Sqlite": {
        "type": "Transitive",
        "resolved": "8.0.11",
        "contentHash": "HJN+xx8lomTIq7SpshnUzHt7uo1/AOvnPWjXsOzyCsoYMEpfRKjxsJobcHu8Qpvd2mwzZB/mzjPUE8XeuGiCGA==",
        "dependencies": {
          "Microsoft.EntityFrameworkCore.Sqlite.Core": "8.0.11",
          "SQLitePCLRaw.bundle_e_sqlite3": "2.1.6"
        }
      },
      "Microsoft.EntityFrameworkCore.Sqlite.Core": {
        "type": "Transitive",
        "resolved": "8.0.11",
        "contentHash": "wvC/xpis//IG9qvfMbMFMjhrM+P7choZ23CHBRfQyfmIkOVZLBtzM6nestbDdAv3eGnJym1/m0o0sc7YXlL0yg==",
        "dependencies": {
          "Microsoft.Data.Sqlite.Core": "8.0.11",
          "Microsoft.EntityFrameworkCore.Relational": "8.0.11",
          "Microsoft.Extensions.DependencyModel": "8.0.2"
        }
      },
      "Microsoft.Extensions.Caching.Abstractions": {
        "type": "Transitive",
        "resolved": "8.0.0",
        "contentHash": "3KuSxeHoNYdxVYfg2IRZCThcrlJ1XJqIXkAWikCsbm5C/bCjv7G0WoKDyuR98Q+T607QT2Zl5GsbGRkENcV2yQ==",
        "dependencies": {
          "Microsoft.Extensions.Primitives": "8.0.0"
        }
      },
      "Microsoft.Extensions.Caching.Memory": {
        "type": "Transitive",
        "resolved": "8.0.1",
        "contentHash": "HFDnhYLccngrzyGgHkjEDU5FMLn4MpOsr5ElgsBMC4yx6lJh4jeWO7fHS8+TXPq+dgxCmUa/Trl8svObmwW4QA==",
        "dependencies": {
          "Microsoft.Extensions.Caching.Abstractions": "8.0.0",
          "Microsoft.Extensions.DependencyInjection.Abstractions": "8.0.2",
          "Microsoft.Extensions.Logging.Abstractions": "8.0.2",
          "Microsoft.Extensions.Options": "8.0.2",
          "Microsoft.Extensions.Primitives": "8.0.0"
        }
      },
      "Microsoft.Extensions.Configuration.Abstractions": {
        "type": "Transitive",
        "resolved": "8.0.0",
        "contentHash": "3lE/iLSutpgX1CC0NOW70FJoGARRHbyKmG7dc0klnUZ9Dd9hS6N/POPWhKhMLCEuNN5nXEY5agmlFtH562vqhQ==",
        "dependencies": {
          "Microsoft.Extensions.Primitives": "8.0.0"
        }
      },
      "Microsoft.Extensions.DependencyInjection": {
        "type": "Transitive",
        "resolved": "10.0.5",
        "contentHash": "v1SVsowG6YE1YnHVGmLWz57YTRCQRx9pH5ebIESXfm5isI9gA3QaMyg/oMTzPpXYZwSAVDzYItGJKfmV+pqXkQ==",
        "dependencies": {
          "Microsoft.Extensions.DependencyInjection.Abstractions": "10.0.5"
        }
      },
      "Microsoft.Extensions.DependencyInjection.Abstractions": {
        "type": "Transitive",
        "resolved": "10.0.5",
        "contentHash": "iVMtq9eRvzyhx8949EGT0OCYJfXi737SbRVzWXE5GrOgGj5AaZ9eUuxA/BSUfmOMALKn/g8KfFaNQw0eiB3lyA=="
      },
      "Microsoft.Extensions.DependencyModel": {
        "type": "Transitive",
        "resolved": "8.0.2",
        "contentHash": "mUBDZZRgZrSyFOsJ2qJJ9fXfqd/kXJwf3AiDoqLD9m6TjY5OO/vLNOb9fb4juC0487eq4hcGN/M2Rh/CKS7QYw=="
      },
      "Microsoft.Extensions.Logging": {
        "type": "Transitive",
        "resolved": "8.0.1",
        "contentHash": "4x+pzsQEbqxhNf1QYRr5TDkLP9UsLT3A6MdRKDDEgrW7h1ljiEPgTNhKYUhNCCAaVpQECVQ+onA91PTPnIp6Lw==",
        "dependencies": {
          "Microsoft.Extensions.DependencyInjection": "8.0.1",
          "Microsoft.Extensions.Logging.Abstractions": "8.0.2",
          "Microsoft.Extensions.Options": "8.0.2"
        }
      },
      "Microsoft.Extensions.Logging.Abstractions": {
        "type": "Transitive",
        "resolved": "8.0.3",
        "contentHash": "dL0QGToTxggRLMYY4ZYX5AMwBb+byQBd/5dMiZE07Nv73o6I5Are3C7eQTh7K2+A4ct0PVISSr7TZANbiNb2yQ==",
        "dependencies": {
          "Microsoft.Extensions.DependencyInjection.Abstractions": "8.0.2"
        }
      },
      "Microsoft.Extensions.Options": {
        "type": "Transitive",
        "resolved": "8.0.2",
        "contentHash": "dWGKvhFybsaZpGmzkGCbNNwBD1rVlWzrZKANLW/CcbFJpCEceMCGzT7zZwHOGBCbwM0SzBuceMj5HN1LKV1QqA==",
        "dependencies": {
          "Microsoft.Extensions.DependencyInjection.Abstractions": "8.0.0",
          "Microsoft.Extensions.Primitives": "8.0.0"
        }
      },
      "Microsoft.Extensions.Primitives": {
        "type": "Transitive",
        "resolved": "8.0.0",
        "contentHash": "bXJEZrW9ny8vjMF1JV253WeLhpEVzFo1lyaZu1vQ4ZxWUlVvknZ/+ftFgVheLubb4eZPSwwxBeqS1JkCOjxd8g=="
      },
      "Microsoft.TestPlatform.ObjectModel": {
        "type": "Transitive",
        "resolved": "17.14.1",
        "contentHash": "xTP1W6Mi6SWmuxd3a+jj9G9UoC850WGwZUps1Wah9r1ZxgXhdJfj1QqDLJkFjHDCvN42qDL2Ps5KjQYWUU0zcQ=="
      },
      "Microsoft.TestPlatform.TestHost": {
        "type": "Transitive",
        "resolved": "17.14.1",
        "contentHash": "d78LPzGKkJwsJXAQwsbJJ7LE7D1wB+rAyhHHAaODF+RDSQ0NgMjDFkSA1Djw18VrxO76GlKAjRUhl+H8NL8Z+Q==",
        "dependencies": {
          "Microsoft.TestPlatform.ObjectModel": "17.14.1",
          "Newtonsoft.Json": "13.0.3"
        }
      },
      "Newtonsoft.Json": {
        "type": "Transitive",
        "resolved": "13.0.3",
        "contentHash": "HrC5BXdl00IP9zeV+0Z848QWPAoCr9P3bDEZguI+gkLcBKAOxix/tLEAAHC+UvDNPv4a2d18lOReHMOagPa+zQ=="
      },
      "Polly": {
        "type": "Transitive",
        "resolved": "8.2.1",
        "contentHash": "tVHvP5Z0fNoZCE9mpKAsh0IaValwsTGPrqjlWqkWR/Gpl5jL05HWC/AVGSL+jkAqkl1Jn7uBUOArnRD+dK5PfQ==",
        "dependencies": {
          "Polly.Core": "8.2.1"
        }
      },
      "Polly.Core": {
        "type": "Transitive",
        "resolved": "8.2.1",
        "contentHash": "/Z3EspfWBdTla4I9IAcQn32/7kB5WS3rSnOYloz8YlVyClu8h7uuYf4pfUvffOYVbxmDX/mFRfxwzqW2Zs96ZA=="
      },
      "Serilog": {
        "type": "Transitive",
        "resolved": "3.1.1",
        "contentHash": "P6G4/4Kt9bT635bhuwdXlJ2SCqqn2nhh4gqFqQueCOr9bK/e7W9ll/IoX1Ter948cV2Z/5+5v8pAfJYUISY03A=="
      },
      "Serilog.Sinks.Console": {
        "type": "Transitive",
        "resolved": "5.0.1",
        "contentHash": "6Jt8jl9y2ey8VV7nVEUAyjjyxjAQuvd5+qj4XYAT9CwcsvR70HHULGBeD+K2WCALFXf7CFsNQT4lON6qXcu2AA==",
        "dependencies": {
          "Serilog": "3.1.1"
        }
      },
      "Serilog.Sinks.File": {
        "type": "Transitive",
        "resolved": "5.0.0",
        "contentHash": "uwV5hdhWPwUH1szhO8PJpFiahqXmzPzJT/sOijH/kFgUx+cyoDTMM8MHD0adw9+Iem6itoibbUXHYslzXsLEAg==",
        "dependencies": {
          "Serilog": "2.10.0"
        }
      },
      "SQLitePCLRaw.bundle_e_sqlite3": {
        "type": "Transitive",
        "resolved": "2.1.6",
        "contentHash": "BmAf6XWt4TqtowmiWe4/5rRot6GerAeklmOPfviOvwLoF5WwgxcJHAxZtySuyW9r9w+HLILnm8VfJFLCUJYW8A==",
        "dependencies": {
          "SQLitePCLRaw.lib.e_sqlite3": "2.1.6",
          "SQLitePCLRaw.provider.e_sqlite3": "2.1.6"
        }
      },
      "SQLitePCLRaw.core": {
        "type": "Transitive",
        "resolved": "2.1.6",
        "contentHash": "wO6v9GeMx9CUngAet8hbO7xdm+M42p1XeJq47ogyRoYSvNSp0NGLI+MgC0bhrMk9C17MTVFlLiN6ylyExLCc5w=="
      },
      "SQLitePCLRaw.lib.e_sqlite3": {
        "type": "Transitive",
        "resolved": "2.1.6",
        "contentHash": "2ObJJLkIUIxRpOUlZNGuD4rICpBnrBR5anjyfUFQep4hMOIeqW+XGQYzrNmHSVz5xSWZ3klSbh7sFR6UyDj68Q=="
      },
      "SQLitePCLRaw.provider.e_sqlite3": {
        "type": "Transitive",
        "resolved": "2.1.6",
        "contentHash": "PQ2Oq3yepLY4P7ll145P3xtx2bX8xF4PzaKPRpw9jZlKvfe4LE/saAV82inND9usn1XRpmxXk7Lal3MTI+6CNg==",
        "dependencies": {
          "SQLitePCLRaw.core": "2.1.6"
        }
      },
      "SSH.NET": {
        "type": "Transitive",
        "resolved": "2025.1.0",
        "contentHash": "jrnbtf0ItVaXAe6jE8X/kSLa6uC+0C+7W1vepcnRQB/rD88qy4IxG7Lf1FIbWmkoc4iVXv0pKrz+Wc6J4ngmHw==",
        "dependencies": {
          "BouncyCastle.Cryptography": "2.6.2",
          "Microsoft.Extensions.Logging.Abstractions": "8.0.3"
        }
      },
      "ThemeForge.Theme": {
        "type": "Transitive",
        "resolved": "1.0.0-preview.1",
        "contentHash": "OYUaFoRXTwWLNNiJik5ghnVPjD0ps3Ljf4Y6mID3rqW8PNpNwOYtkvfFFMzxzfx3+xHVP+C6Bvi/squ6ir1atA=="
      },
      "xunit.abstractions": {
        "type": "Transitive",
        "resolved": "2.0.3",
        "contentHash": "pot1I4YOxlWjIb5jmwvvQNbTrZ3lJQ+jUGkGjWE3hEFM0l5gOnBWS+H3qsex68s5cO52g+44vpGzhAt+42vwKg=="
      },
      "xunit.analyzers": {
        "type": "Transitive",
        "resolved": "1.18.0",
        "contentHash": "OtFMHN8yqIcYP9wcVIgJrq01AfTxijjAqVDy/WeQVSyrDC1RzBWeQPztL49DN2syXRah8TYnfvk035s7L95EZQ=="
      },
      "xunit.assert": {
        "type": "Transitive",
        "resolved": "2.9.3",
        "contentHash": "/Kq28fCE7MjOV42YLVRAJzRF0WmEqsmflm0cfpMjGtzQ2lR5mYVj1/i0Y8uDAOLczkL3/jArrwehfMD0YogMAA=="
      },
      "xunit.core": {
        "type": "Transitive",
        "resolved": "2.9.3",
        "contentHash": "BiAEvqGvyme19wE0wTKdADH+NloYqikiU0mcnmiNyXaF9HyHmE6sr/3DC5vnBkgsWaE6yPyWszKSPSApWdRVeQ==",
        "dependencies": {
          "xunit.extensibility.core": "[2.9.3]",
          "xunit.extensibility.execution": "[2.9.3]"
        }
      },
      "xunit.extensibility.core": {
        "type": "Transitive",
        "resolved": "2.9.3",
        "contentHash": "kf3si0YTn2a8J8eZNb+zFpwfoyvIrQ7ivNk5ZYA5yuYk1bEtMe4DxJ2CF/qsRgmEnDr7MnW1mxylBaHTZ4qErA==",
        "dependencies": {
          "xunit.abstractions": "2.0.3"
        }
      },
      "xunit.extensibility.execution": {
        "type": "Transitive",
        "resolved": "2.9.3",
        "contentHash": "yMb6vMESlSrE3Wfj7V6cjQ3S4TXdXpRqYeNEI3zsX31uTsGMJjEw6oD5F5u1cHnMptjhEECnmZSsPxB6ChZHDQ==",
        "dependencies": {
          "xunit.extensibility.core": "[2.9.3]"
        }
      },
      "YamlDotNet": {
        "type": "Transitive",
        "resolved": "16.3.0",
        "contentHash": "SgMOdxbz8X65z8hraIs6hOEdnkH6hESTAIUa7viEngHOYaH+6q5XJmwr1+yb9vJpNQ19hCQY69xbFsLtXpobQA=="
      },
      "heimdall.core": {
        "type": "Project",
        "dependencies": {
          "CommunityToolkit.Mvvm": "[8.4.0, )",
          "Microsoft.Extensions.DependencyInjection.Abstractions": "[10.0.5, )"
        }
      },
      "Heimdall.Next": {
        "type": "Project",
        "dependencies": {
          "AvalonEdit": "[6.3.0.90, )",
          "CommunityToolkit.Mvvm": "[8.4.0, )",
          "Heimdall.Core": "[1.0.0, )",
          "Heimdall.Rdp": "[1.0.0, )",
          "Heimdall.Sftp": "[1.0.0, )",
          "Heimdall.Ssh": "[1.0.0, )",
          "Heimdall.Terminal": "[1.0.0, )",
          "Microsoft.Extensions.DependencyInjection": "[10.0.5, )",
          "ThemeForge.Theme": "[1.0.0-preview.1, )",
          "TwinShell.Core": "[1.0.0, )",
          "TwinShell.Infrastructure": "[1.0.0, )",
          "TwinShell.Persistence": "[1.0.0, )"
        }
      },
      "heimdall.rdp": {
        "type": "Project",
        "dependencies": {
          "Heimdall.Core": "[1.0.0, )"
        }
      },
      "heimdall.sftp": {
        "type": "Project",
        "dependencies": {
          "Heimdall.Core": "[1.0.0, )",
          "Heimdall.Ssh": "[1.0.0, )",
          "SSH.NET": "[2025.1.0, )"
        }
      },
      "heimdall.ssh": {
        "type": "Project",
        "dependencies": {
          "Heimdall.Core": "[1.0.0, )",
          "SSH.NET": "[2025.1.0, )"
        }
      },
      "heimdall.terminal": {
        "type": "Project",
        "dependencies": {
          "Heimdall.Core": "[1.0.0, )"
        }
      },
      "twinshell.core": {
        "type": "Project",
        "dependencies": {
          "Microsoft.Extensions.Logging.Abstractions": "[8.0.0, )"
        }
      },
      "twinshell.infrastructure": {
        "type": "Project",
        "dependencies": {
          "JsonSchema.Net": "[7.0.4, )",
          "LibGit2Sharp": "[0.31.0, )",
          "Polly": "[8.2.1, )",
          "Serilog": "[3.1.1, )",
          "Serilog.Sinks.Console": "[5.0.1, )",
          "Serilog.Sinks.File": "[5.0.0, )",
          "TwinShell.Core": "[1.0.0, )",
          "TwinShell.Persistence": "[1.0.0, )",
          "YamlDotNet": "[16.3.0, )"
        }
      },
      "twinshell.persistence": {
        "type": "Project",
        "dependencies": {
          "Microsoft.EntityFrameworkCore.Sqlite": "[8.0.11, )",
          "Microsoft.Extensions.Caching.Memory": "[8.0.1, )",
          "TwinShell.Core": "[1.0.0, )"
        }
      }
    }
  }
}